
Microsoft Visual Studio Solution File, Format Version 12.00
# Visual Studio Version 17
VisualStudioVersion = 17.0.32112.339
MinimumVisualStudioVersion = 10.0.40219.1
Project("{FAE04EC0-301F-11D3-BF4B-00C04F79EFBC}") = "ModelsLibrary", "ModelsLibrary.csproj", "{FF3CD22B-E537-454D-BA1D-AB4997E6EC61}"
EndProject
Project("{FAE04EC0-301F-11D3-BF4B-00C04F79EFBC}") = "CRUDInterface", "CRUDInterface\CRUDInterface.csproj", "{6F142D1E-1335-4D51-9E7A-4EC2A47B2A98}"
EndProject
Project("{FAE04EC0-301F-11D3-BF4B-00C04F79EFBC}") = "CRUDCollection", "..\CRUDCollection\CRUDCollection.csproj", "{2FC0FCA2-E3FE-4ED6-B6C6-7E5E1CB89FEB}"
EndProject
Global
	GlobalSection(SolutionConfigurationPlatforms) = preSolution
		Debug|Any CPU = Debug|Any CPU
		Release|Any CPU = Release|Any CPU
	EndGlobalSection
	GlobalSection(ProjectConfigurationPlatforms) = postSolution
		{FF3CD22B-E537-454D-BA1D-AB4997E6EC61}.Debug|Any CPU.ActiveCfg = Debug|Any CPU
		{FF3CD22B-E537-454D-BA1D-AB4997E6EC61}.Debug|Any CPU.Build.0 = Debug|Any CPU
		{FF3CD22B-E537-454D-BA1D-AB4997E6EC61}.Release|Any CPU.ActiveCfg = Release|Any CPU
		{FF3CD22B-E537-454D-BA1D-AB4997E6EC61}.Release|Any CPU.Build.0 = Release|Any CPU
		{6F142D1E-1335-4D51-9E7A-4EC2A47B2A98}.Debug|Any CPU.ActiveCfg = Debug|Any CPU
		{6F142D1E-1335-4D51-9E7A-4EC2A47B2A98}.Debug|Any CPU.Build.0 = Debug|Any CPU
		{6F142D1E-1335-4D51-9E7A-4EC2A47B2A98}.Release|Any CPU.ActiveCfg = Release|Any CPU
		{6F142D1E-1335-4D51-9E7A-4EC2A47B2A98}.Release|Any CPU.Build.0 = Release|Any CPU
		{2FC0FCA2-E3FE-4ED6-B6C6-7E5E1CB89FEB}.Debug|Any CPU.ActiveCfg = Debug|Any CPU
		{2FC0FCA2-E3FE-4ED6-B6C6-7E5E1CB89FEB}.Debug|Any CPU.Build.0 = Debug|Any CPU
		{2FC0FCA2-E3FE-4ED6-B6C6-7E5E1CB89FEB}.Release|Any CPU.ActiveCfg = Release|Any CPU
		{2FC0FCA2-E3FE-4ED6-B6C6-7E5E1CB89FEB}.Release|Any CPU.Build.0 = Release|Any CPU
	EndGlobalSection
	GlobalSection(SolutionProperties) = preSolution
		HideSolutionNode = FALSE
	EndGlobalSection
	GlobalSection(ExtensibilityGlobals) = postSolution
		SolutionGuid = {CA1FD4F3-4CAE-43DC-9795-981CDD099FDC}
	EndGlobalSection
EndGlobal
